
Microsoft Visual Studio Solution File, Format Version 12.00
# Visual Studio Version 16
VisualStudioVersion = 25.0.1700.0
MinimumVisualStudioVersion = 10.0.40219.1
Project("{FAE04EC0-301F-11D3-BF4B-00C04F79EFBC}") = "BIO2012.app", "BIO2012.app\BIO2012.app.csproj", "{DF78BE81-91B6-435F-B02D-8029A9B3550E}"
EndProject
Global
	GlobalSection(SolutionConfigurationPlatforms) = preSolution
		Debug|Any CPU = Debug|Any CPU
		Release|Any CPU = Release|Any CPU
	EndGlobalSection
	GlobalSection(ProjectConfigurationPlatforms) = postSolution
		{DF78BE81-91B6-435F-B02D-8029A9B3550E}.Debug|Any CPU.ActiveCfg = Debug|Any CPU
		{DF78BE81-91B6-435F-B02D-8029A9B3550E}.Debug|Any CPU.Build.0 = Debug|Any CPU
		{DF78BE81-91B6-435F-B02D-8029A9B3550E}.Release|Any CPU.ActiveCfg = Release|Any CPU
		{DF78BE81-91B6-435F-B02D-8029A9B3550E}.Release|Any CPU.Build.0 = Release|Any CPU
	EndGlobalSection
	GlobalSection(SolutionProperties) = preSolution
		HideSolutionNode = FALSE
	EndGlobalSection
	GlobalSection(ExtensibilityGlobals) = postSolution
		SolutionGuid = {4EAC6D28-232C-48AA-AAC4-3A5A1083CB41}
	EndGlobalSection
EndGlobal
